// !$*UTF8*$!
{
	archiveVersion = 1;
	classes = {
	};
	objectVersion = 46;
	objects = {

/* Begin PBXBuildFile section */
		85C9FB192016B68F005B5BB9 /* AppDelegate.swift in Sources */ = {isa = PBXBuildFile; fileRef = 85C9FB182016B68F005B5BB9 /* AppDelegate.swift */; };
		85C9FB1B2016B68F005B5BB9 /* ViewController.swift in Sources */ = {isa = PBXBuildFile; fileRef = 85C9FB1A2016B68F005B5BB9 /* ViewController.swift */; };
		85C9FB1E2016B68F005B5BB9 /* Main.storyboard in Resources */ = {isa = PBXBuildFile; fileRef = 85C9FB1C2016B68F005B5BB9 /* Main.storyboard */; };
		85C9FB202016B68F005B5BB9 /* Assets.xcassets in Resources */ = {isa = PBXBuildFile; fileRef = 85C9FB1F2016B68F005B5BB9 /* Assets.xcassets */; };
		85C9FB232016B68F005B5BB9 /* LaunchScreen.storyboard in Resources */ = {isa = PBXBuildFile; fileRef = 85C9FB212016B68F005B5BB9 /* LaunchScreen.storyboard */; };
		85C9FB2E2016B68F005B5BB9 /* SpringsTests.swift in Sources */ = {isa = PBXBuildFile; fileRef = 85C9FB2D2016B68F005B5BB9 /* SpringsTests.swift */; };
		85C9FB392016B68F005B5BB9 /* SpringsUITests.swift in Sources */ = {isa = PBXBuildFile; fileRef = 85C9FB382016B68F005B5BB9 /* SpringsUITests.swift */; };
/* End PBXBuildFile section */

/* Begin PBXContainerItemProxy section */
		85C9FB2A2016B68F005B5BB9 /* PBXContainerItemProxy */ = {
			isa = PBXContainerItemProxy;
			containerPortal = 85C9FB0D2016B68E005B5BB9 /* Project object */;
			proxyType = 1;
			remoteGlobalIDString = 85C9FB142016B68F005B5BB9;
			remoteInfo = Springs;
		};
		85C9FB352016B68F005B5BB9 /* PBXContainerItemProxy */ = {
			isa = PBXContainerItemProxy;
			containerPortal = 85C9FB0D2016B68E005B5BB9 /* Project object */;
			proxyType = 1;
			remoteGlobalIDString = 85C9FB142016B68F005B5BB9;
			remoteInfo = Springs;
		};
/* End PBXContainerItemProxy section */

/* Begin PBXFileReference section */
		85C9FB152016B68F005B5BB9 /* Springs.app */ = {isa = PBXFileReference; explicitFileType = wrapper.application; includeInIndex = 0; path = Springs.app; sourceTree = BUILT_PRODUCTS_DIR; };
		85C9FB182016B68F005B5BB9 /* AppDelegate.swift */ = {isa = PBXFileReference; lastKnownFileType = sourcecode.swift; path = AppDelegate.swift; sourceTree = "<group>"; };
		85C9FB1A2016B68F005B5BB9 /* ViewController.swift */ = {isa = PBXFileReference; lastKnownFileType = sourcecode.swift; path = ViewController.swift; sourceTree = "<group>"; };
		85C9FB1D2016B68F005B5BB9 /* Base */ = {isa = PBXFileReference; lastKnownFileType = file.storyboard; name = Base; path = Base.lproj/Main.storyboard; sourceTree = "<group>"; };
		85C9FB1F2016B68F005B5BB9 /* Assets.xcassets */ = {isa = PBXFileReference; lastKnownFileType = folder.assetcatalog; path = Assets.xcassets; sourceTree = "<group>"; };
		85C9FB222016B68F005B5BB9 /* Base */ = {isa = PBXFileReference; lastKnownFileType = file.storyboard; name = Base; path = Base.lproj/LaunchScreen.storyboard; sourceTree = "<group>"; };
		85C9FB242016B68F005B5BB9 /* Info.plist */ = {isa = PBXFileReference; lastKnownFileType = text.plist.xml; path = Info.plist; sourceTree = "<group>"; };
		85C9FB292016B68F005B5BB9 /* SpringsTests.xctest */ = {isa = PBXFileReference; explicitFileType = wrapper.cfbundle; includeInIndex = 0; path = SpringsTests.xctest; sourceTree = BUILT_PRODUCTS_DIR; };
		85C9FB2D2016B68F005B5BB9 /* SpringsTests.swift */ = {isa = PBXFileReference; lastKnownFileType = sourcecode.swift; path = SpringsTests.swift; sourceTree = "<group>"; };
		85C9FB2F2016B68F005B5BB9 /* Info.plist */ = {isa = PBXFileReference; lastKnownFileType = text.plist.xml; path = Info.plist; sourceTree = "<group>"; };
		85C9FB342016B68F005B5BB9 /* SpringsUITests.xctest */ = {isa = PBXFileReference; explicitFileType = wrapper.cfbundle; includeInIndex = 0; path = SpringsUITests.xctest; sourceTree = BUILT_PRODUCTS_DIR; };
		85C9FB382016B68F005B5BB9 /* SpringsUITests.swift */ = {isa = PBXFileReference; lastKnownFileType = sourcecode.swift; path = SpringsUITests.swift; sourceTree = "<group>"; };
		85C9FB3A2016B68F005B5BB9 /* Info.plist */ = {isa = PBXFileReference; lastKnownFileType = text.plist.xml; path = Info.plist; sourceTree = "<group>"; };
/* End PBXFileReference section */

/* Begin PBXFrameworksBuildPhase section */
		85C9FB122016B68F005B5BB9 /* Frameworks */ = {
			isa = PBXFrameworksBuildPhase;
			buildActionMask = 2147483647;
			files = (
			);
			runOnlyForDeploymentPostprocessing = 0;
		};
		85C9FB262016B68F005B5BB9 /* Frameworks */ = {
			isa = PBXFrameworksBuildPhase;
			buildActionMask = 2147483647;
			files = (
			);
			runOnlyForDeploymentPostprocessing = 0;
		};
		85C9FB312016B68F005B5BB9 /* Frameworks */ = {
			isa = PBXFrameworksBuildPhase;
			buildActionMask = 2147483647;
			files = (
			);
			runOnlyForDeploymentPostprocessing = 0;
		};
/* End PBXFrameworksBuildPhase section */

/* Begin PBXGroup section */
		85C9FB0C2016B68E005B5BB9 = {
			isa = PBXGroup;
			children = (
				85C9FB172016B68F005B5BB9 /* Springs */,
				85C9FB2C2016B68F005B5BB9 /* SpringsTests */,
				85C9FB372016B68F005B5BB9 /* SpringsUITests */,
				85C9FB162016B68F005B5BB9 /* Products */,
			);
			sourceTree = "<group>";
		};
		85C9FB162016B68F005B5BB9 /* Products */ = {
			isa = PBXGroup;
			children = (
				85C9FB152016B68F005B5BB9 /* Springs.app */,
				85C9FB292016B68F005B5BB9 /* SpringsTests.xctest */,
				85C9FB342016B68F005B5BB9 /* SpringsUITests.xctest */,
			);
			name = Products;
			sourceTree = "<group>";
		};
		85C9FB172016B68F005B5BB9 /* Springs */ = {
			isa = PBXGroup;
			children = (
				85C9FB182016B68F005B5BB9 /* AppDelegate.swift */,
				85C9FB1A2016B68F005B5BB9 /* ViewController.swift */,
				85C9FB1C2016B68F005B5BB9 /* Main.storyboard */,
				85C9FB1F2016B68F005B5BB9 /* Assets.xcassets */,
				85C9FB212016B68F005B5BB9 /* LaunchScreen.storyboard */,
				85C9FB242016B68F005B5BB9 /* Info.plist */,
			);
			path = Springs;
			sourceTree = "<group>";
		};
		85C9FB2C2016B68F005B5BB9 /* SpringsTests */ = {
			isa = PBXGroup;
			children = (
				85C9FB2D2016B68F005B5BB9 /* SpringsTests.swift */,
				85C9FB2F2016B68F005B5BB9 /* Info.plist */,
			);
			path = SpringsTests;
			sourceTree = "<group>";
		};
		85C9FB372016B68F005B5BB9 /* SpringsUITests */ = {
			isa = PBXGroup;
			children = (
				85C9FB382016B68F005B5BB9 /* SpringsUITests.swift */,
				85C9FB3A2016B68F005B5BB9 /* Info.plist */,
			);
			path = SpringsUITests;
			sourceTree = "<group>";
		};
/* End PBXGroup section */

/* Begin PBXNativeTarget section */
		85C9FB142016B68F005B5BB9 /* Springs */ = {
			isa = PBXNativeTarget;
			buildConfigurationList = 85C9FB3D2016B68F005B5BB9 /* Build configuration list for PBXNativeTarget "Springs" */;
			buildPhases = (
				85C9FB112016B68F005B5BB9 /* Sources */,
				85C9FB122016B68F005B5BB9 /* Frameworks */,
				85C9FB132016B68F005B5BB9 /* Resources */,
			);
			buildRules = (
			);
			dependencies = (
			);
			name = Springs;
			productName = Springs;
			productReference = 85C9FB152016B68F005B5BB9 /* Springs.app */;
			productType = "com.apple.product-type.application";
		};
		85C9FB282016B68F005B5BB9 /* SpringsTests */ = {
			isa = PBXNativeTarget;
			buildConfigurationList = 85C9FB402016B68F005B5BB9 /* Build configuration list for PBXNativeTarget "SpringsTests" */;
			buildPhases = (
				85C9FB252016B68F005B5BB9 /* Sources */,
				85C9FB262016B68F005B5BB9 /* Frameworks */,
				85C9FB272016B68F005B5BB9 /* Resources */,
			);
			buildRules = (
			);
			dependencies = (
				85C9FB2B2016B68F005B5BB9 /* PBXTargetDependency */,
			);
			name = SpringsTests;
			productName = SpringsTests;
			productReference = 85C9FB292016B68F005B5BB9 /* SpringsTests.xctest */;
			productType = "com.apple.product-type.bundle.unit-test";
		};
		85C9FB332016B68F005B5BB9 /* SpringsUITests */ = {
			isa = PBXNativeTarget;
			buildConfigurationList = 85C9FB432016B68F005B5BB9 /* Build configuration list for PBXNativeTarget "SpringsUITests" */;
			buildPhases = (
				85C9FB302016B68F005B5BB9 /* Sources */,
				85C9FB312016B68F005B5BB9 /* Frameworks */,
				85C9FB322016B68F005B5BB9 /* Resources */,
			);
			buildRules = (
			);
			dependencies = (
				85C9FB362016B68F005B5BB9 /* PBXTargetDependency */,
			);
			name = SpringsUITests;
			productName = SpringsUITests;
			productReference = 85C9FB342016B68F005B5BB9 /* SpringsUITests.xctest */;
			productType = "com.apple.product-type.bundle.ui-testing";
		};
/* End PBXNativeTarget section */

/* Begin PBXProject section */
		85C9FB0D2016B68E005B5BB9 /* Project object */ = {
			isa = PBXProject;
			attributes = {
				LastSwiftUpdateCheck = 0820;
				LastUpgradeCheck = 0820;
				ORGANIZATIONNAME = Maestro;
				TargetAttributes = {
					85C9FB142016B68F005B5BB9 = {
						CreatedOnToolsVersion = 8.2;
						ProvisioningStyle = Automatic;
					};
					85C9FB282016B68F005B5BB9 = {
						CreatedOnToolsVersion = 8.2;
						ProvisioningStyle = Automatic;
						TestTargetID = 85C9FB142016B68F005B5BB9;
					};
					85C9FB332016B68F005B5BB9 = {
						CreatedOnToolsVersion = 8.2;
						ProvisioningStyle = Automatic;
						TestTargetID = 85C9FB142016B68F005B5BB9;
					};
				};
			};
			buildConfigurationList = 85C9FB102016B68E005B5BB9 /* Build configuration list for PBXProject "Springs" */;
			compatibilityVersion = "Xcode 3.2";
			developmentRegion = English;
			hasScannedForEncodings = 0;
			knownRegions = (
				en,
				Base,
			);
			mainGroup = 85C9FB0C2016B68E005B5BB9;
			productRefGroup = 85C9FB162016B68F005B5BB9 /* Products */;
			projectDirPath = "";
			projectRoot = "";
			targets = (
				85C9FB142016B68F005B5BB9 /* Springs */,
				85C9FB282016B68F005B5BB9 /* SpringsTests */,
				85C9FB332016B68F005B5BB9 /* SpringsUITests */,
			);
		};
/* End PBXProject section */

/* Begin PBXResourcesBuildPhase section */
		85C9FB132016B68F005B5BB9 /* Resources */ = {
			isa = PBXResourcesBuildPhase;
			buildActionMask = 2147483647;
			files = (
				85C9FB232016B68F005B5BB9 /* LaunchScreen.storyboard in Resources */,
				85C9FB202016B68F005B5BB9 /* Assets.xcassets in Resources */,
				85C9FB1E2016B68F005B5BB9 /* Main.storyboard in Resources */,
			);
			runOnlyForDeploymentPostprocessing = 0;
		};
		85C9FB272016B68F005B5BB9 /* Resources */ = {
			isa = PBXResourcesBuildPhase;
			buildActionMask = 2147483647;
			files = (
			);
			runOnlyForDeploymentPostprocessing = 0;
		};
		85C9FB322016B68F005B5BB9 /* Resources */ = {
			isa = PBXResourcesBuildPhase;
			buildActionMask = 2147483647;
			files = (
			);
			runOnlyForDeploymentPostprocessing = 0;
		};
/* End PBXResourcesBuildPhase section */

/* Begin PBXSourcesBuildPhase section */
		85C9FB112016B68F005B5BB9 /* Sources */ = {
			isa = PBXSourcesBuildPhase;
			buildActionMask = 2147483647;
			files = (
				85C9FB1B2016B68F005B5BB9 /* ViewController.swift in Sources */,
				85C9FB192016B68F005B5BB9 /* AppDelegate.swift in Sources */,
			);
			runOnlyForDeploymentPostprocessing = 0;
		};
		85C9FB252016B68F005B5BB9 /* Sources */ = {
			isa = PBXSourcesBuildPhase;
			buildActionMask = 2147483647;
			files = (
				85C9FB2E2016B68F005B5BB9 /* SpringsTests.swift in Sources */,
			);
			runOnlyForDeploymentPostprocessing = 0;
		};
		85C9FB302016B68F005B5BB9 /* Sources */ = {
			isa = PBXSourcesBuildPhase;
			buildActionMask = 2147483647;
			files = (
				85C9FB392016B68F005B5BB9 /* SpringsUITests.swift in Sources */,
			);
			runOnlyForDeploymentPostprocessing = 0;
		};
/* End PBXSourcesBuildPhase section */

/* Begin PBXTargetDependency section */
		85C9FB2B2016B68F005B5BB9 /* PBXTargetDependency */ = {
			isa = PBXTargetDependency;
			target = 85C9FB142016B68F005B5BB9 /* Springs */;
			targetProxy = 85C9FB2A2016B68F005B5BB9 /* PBXContainerItemProxy */;
		};
		85C9FB362016B68F005B5BB9 /* PBXTargetDependency */ = {
			isa = PBXTargetDependency;
			target = 85C9FB142016B68F005B5BB9 /* Springs */;
			targetProxy = 85C9FB352016B68F005B5BB9 /* PBXContainerItemProxy */;
		};
/* End PBXTargetDependency section */

/* Begin PBXVariantGroup section */
		85C9FB1C2016B68F005B5BB9 /* Main.storyboard */ = {
			isa = PBXVariantGroup;
			children = (
				85C9FB1D2016B68F005B5BB9 /* Base */,
			);
			name = Main.storyboard;
			sourceTree = "<group>";
		};
		85C9FB212016B68F005B5BB9 /* LaunchScreen.storyboard */ = {
			isa = PBXVariantGroup;
			children = (
				85C9FB222016B68F005B5BB9 /* Base */,
			);
			name = LaunchScreen.storyboard;
			sourceTree = "<group>";
		};
/* End PBXVariantGroup section */

/* Begin XCBuildConfiguration section */
		85C9FB3B2016B68F005B5BB9 /* Debug */ = {
			isa = XCBuildConfiguration;
			buildSettings = {
				ALWAYS_SEARCH_USER_PATHS = NO;
				CLANG_ANALYZER_NONNULL = YES;
				CLANG_CXX_LANGUAGE_STANDARD = "gnu++0x";
				CLANG_CXX_LIBRARY = "libc++";
				CLANG_ENABLE_MODULES = YES;
				CLANG_ENABLE_OBJC_ARC = YES;
				CLANG_WARN_BOOL_CONVERSION = YES;
				CLANG_WARN_CONSTANT_CONVERSION = YES;
				CLANG_WARN_DIRECT_OBJC_ISA_USAGE = YES_ERROR;
				CLANG_WARN_DOCUMENTATION_COMMENTS = YES;
				CLANG_WARN_EMPTY_BODY = YES;
				CLANG_WARN_ENUM_CONVERSION = YES;
				CLANG_WARN_INFINITE_RECURSION = YES;
				CLANG_WARN_INT_CONVERSION = YES;
				CLANG_WARN_OBJC_ROOT_CLASS = YES_ERROR;
				CLANG_WARN_SUSPICIOUS_MOVE = YES;
				CLANG_WARN_UNREACHABLE_CODE = YES;
				CLANG_WARN__DUPLICATE_METHOD_MATCH = YES;
				"CODE_SIGN_IDENTITY[sdk=iphoneos*]" = "iPhone Developer";
				COPY_PHASE_STRIP = NO;
				DEBUG_INFORMATION_FORMAT = dwarf;
				ENABLE_STRICT_OBJC_MSGSEND = YES;
				ENABLE_TESTABILITY = YES;
				GCC_C_LANGUAGE_STANDARD = gnu99;
				GCC_DYNAMIC_NO_PIC = NO;
				GCC_NO_COMMON_BLOCKS = YES;
				GCC_OPTIMIZATION_LEVEL = 0;
				GCC_PREPROCESSOR_DEFINITIONS = (
					"DEBUG=1",
					"$(inherited)",
				);
				GCC_WARN_64_TO_32_BIT_CONVERSION = YES;
				GCC_WARN_ABOUT_RETURN_TYPE = YES_ERROR;
				GCC_WARN_UNDECLARED_SELECTOR = YES;
				GCC_WARN_UNINITIALIZED_AUTOS = YES_AGGRESSIVE;
				GCC_WARN_UNUSED_FUNCTION = YES;
				GCC_WARN_UNUSED_VARIABLE = YES;
				IPHONEOS_DEPLOYMENT_TARGET = 10.2;
				MTL_ENABLE_DEBUG_INFO = YES;
				ONLY_ACTIVE_ARCH = YES;
				SDKROOT = iphoneos;
				SWIFT_ACTIVE_COMPILATION_CONDITIONS = DEBUG;
				SWIFT_OPTIMIZATION_LEVEL = "-Onone";
				TARGETED_DEVICE_FAMILY = "1,2";
			};
			name = Debug;
		};
		85C9FB3C2016B68F005B5BB9 /* Release */ = {
			isa = XCBuildConfiguration;
			buildSettings = {
				ALWAYS_SEARCH_USER_PATHS = NO;
				CLANG_ANALYZER_NONNULL = YES;
				CLANG_CXX_LANGUAGE_STANDARD = "gnu++0x";
				CLANG_CXX_LIBRARY = "libc++";
				CLANG_ENABLE_MODULES = YES;
				CLANG_ENABLE_OBJC_ARC = YES;
				CLANG_WARN_BOOL_CONVERSION = YES;
				CLANG_WARN_CONSTANT_CONVERSION = YES;
				CLANG_WARN_DIRECT_OBJC_ISA_USAGE = YES_ERROR;
				CLANG_WARN_DOCUMENTATION_COMMENTS = YES;
				CLANG_WARN_EMPTY_BODY = YES;
				CLANG_WARN_ENUM_CONVERSION = YES;
				CLANG_WARN_INFINITE_RECURSION = YES;
				CLANG_WARN_INT_CONVERSION = YES;
				CLANG_WARN_OBJC_ROOT_CLASS = YES_ERROR;
				CLANG_WARN_SUSPICIOUS_MOVE = YES;
				CLANG_WARN_UNREACHABLE_CODE = YES;
				CLANG_WARN__DUPLICATE_METHOD_MATCH = YES;
				"CODE_SIGN_IDENTITY[sdk=iphoneos*]" = "iPhone Developer";
				COPY_PHASE_STRIP = NO;
				DEBUG_INFORMATION_FORMAT = "dwarf-with-dsym";
				ENABLE_NS_ASSERTIONS = NO;
				ENABLE_STRICT_OBJC_MSGSEND = YES;
				GCC_C_LANGUAGE_STANDARD = gnu99;
				GCC_NO_COMMON_BLOCKS = YES;
				GCC_WARN_64_TO_32_BIT_CONVERSION = YES;
				GCC_WARN_ABOUT_RETURN_TYPE = YES_ERROR;
				GCC_WARN_UNDECLARED_SELECTOR = YES;
				GCC_WARN_UNINITIALIZED_AUTOS = YES_AGGRESSIVE;
				GCC_WARN_UNUSED_FUNCTION = YES;
				GCC_WARN_UNUSED_VARIABLE = YES;
				IPHONEOS_DEPLOYMENT_TARGET = 10.2;
				MTL_ENABLE_DEBUG_INFO = NO;
				SDKROOT = iphoneos;
				SWIFT_OPTIMIZATION_LEVEL = "-Owholemodule";
				TARGETED_DEVICE_FAMILY = "1,2";
				VALIDATE_PRODUCT = YES;
			};
			name = Release;
		};
		85C9FB3E2016B68F005B5BB9 /* Debug */ = {
			isa = XCBuildConfiguration;
			buildSettings = {
				ASSETCATALOG_COMPILER_APPICON_NAME = AppIcon;
				INFOPLIST_FILE = Springs/Info.plist;
				LD_RUNPATH_SEARCH_PATHS = "$(inherited) @executable_path/Frameworks";
				PRODUCT_BUNDLE_IDENTIFIER = edu.ulsa.Springs;
				PRODUCT_NAME = "$(TARGET_NAME)";
				SWIFT_VERSION = 3.0;
			};
			name = Debug;
		};
		85C9FB3F2016B68F005B5BB9 /* Release */ = {
			isa = XCBuildConfiguration;
			buildSettings = {
				ASSETCATALOG_COMPILER_APPICON_NAME = AppIcon;
				INFOPLIST_FILE = Springs/Info.plist;
				LD_RUNPATH_SEARCH_PATHS = "$(inherited) @executable_path/Frameworks";
				PRODUCT_BUNDLE_IDENTIFIER = edu.ulsa.Springs;
				PRODUCT_NAME = "$(TARGET_NAME)";
				SWIFT_VERSION = 3.0;
			};
			name = Release;
		};
		85C9FB412016B68F005B5BB9 /* Debug */ = {
			isa = XCBuildConfiguration;
			buildSettings = {
				ALWAYS_EMBED_SWIFT_STANDARD_LIBRARIES = YES;
				BUNDLE_LOADER = "$(TEST_HOST)";
				INFOPLIST_FILE = SpringsTests/Info.plist;
				LD_RUNPATH_SEARCH_PATHS = "$(inherited) @executable_path/Frameworks @loader_path/Frameworks";
				PRODUCT_BUNDLE_IDENTIFIER = edu.ulsa.SpringsTests;
				PRODUCT_NAME = "$(TARGET_NAME)";
				SWIFT_VERSION = 3.0;
				TEST_HOST = "$(BUILT_PRODUCTS_DIR)/Springs.app/Springs";
			};
			name = Debug;
		};
		85C9FB422016B68F005B5BB9 /* Release */ = {
			isa = XCBuildConfiguration;
			buildSettings = {
				ALWAYS_EMBED_SWIFT_STANDARD_LIBRARIES = YES;
				BUNDLE_LOADER = "$(TEST_HOST)";
				INFOPLIST_FILE = SpringsTests/Info.plist;
				LD_RUNPATH_SEARCH_PATHS = "$(inherited) @executable_path/Frameworks @loader_path/Frameworks";
				PRODUCT_BUNDLE_IDENTIFIER = edu.ulsa.SpringsTests;
				PRODUCT_NAME = "$(TARGET_NAME)";
				SWIFT_VERSION = 3.0;
				TEST_HOST = "$(BUILT_PRODUCTS_DIR)/Springs.app/Springs";
			};
			name = Release;
		};
		85C9FB442016B68F005B5BB9 /* Debug */ = {
			isa = XCBuildConfiguration;
			buildSettings = {
				ALWAYS_EMBED_SWIFT_STANDARD_LIBRARIES = YES;
				INFOPLIST_FILE = SpringsUITests/Info.plist;
				LD_RUNPATH_SEARCH_PATHS = "$(inherited) @executable_path/Frameworks @loader_path/Frameworks";
				PRODUCT_BUNDLE_IDENTIFIER = edu.ulsa.SpringsUITests;
				PRODUCT_NAME = "$(TARGET_NAME)";
				SWIFT_VERSION = 3.0;
				TEST_TARGET_NAME = Springs;
			};
			name = Debug;
		};
		85C9FB452016B68F005B5BB9 /* Release */ = {
			isa = XCBuildConfiguration;
			buildSettings = {
				ALWAYS_EMBED_SWIFT_STANDARD_LIBRARIES = YES;
				INFOPLIST_FILE = SpringsUITests/Info.plist;
				LD_RUNPATH_SEARCH_PATHS = "$(inherited) @executable_path/Frameworks @loader_path/Frameworks";
				PRODUCT_BUNDLE_IDENTIFIER = edu.ulsa.SpringsUITests;
				PRODUCT_NAME = "$(TARGET_NAME)";
				SWIFT_VERSION = 3.0;
				TEST_TARGET_NAME = Springs;
			};
			name = Release;
		};
/* End XCBuildConfiguration section */

/* Begin XCConfigurationList section */
		85C9FB102016B68E005B5BB9 /* Build configuration list for PBXProject "Springs" */ = {
			isa = XCConfigurationList;
			buildConfigurations = (
				85C9FB3B2016B68F005B5BB9 /* Debug */,
				85C9FB3C2016B68F005B5BB9 /* Release */,
			);
			defaultConfigurationIsVisible = 0;
			defaultConfigurationName = Release;
		};
		85C9FB3D2016B68F005B5BB9 /* Build configuration list for PBXNativeTarget "Springs" */ = {
			isa = XCConfigurationList;
			buildConfigurations = (
				85C9FB3E2016B68F005B5BB9 /* Debug */,
				85C9FB3F2016B68F005B5BB9 /* Release */,
			);
			defaultConfigurationIsVisible = 0;
		};
		85C9FB402016B68F005B5BB9 /* Build configuration list for PBXNativeTarget "SpringsTests" */ = {
			isa = XCConfigurationList;
			buildConfigurations = (
				85C9FB412016B68F005B5BB9 /* Debug */,
				85C9FB422016B68F005B5BB9 /* Release */,
			);
			defaultConfigurationIsVisible = 0;
		};
		85C9FB432016B68F005B5BB9 /* Build configuration list for PBXNativeTarget "SpringsUITests" */ = {
			isa = XCConfigurationList;
			buildConfigurations = (
				85C9FB442016B68F005B5BB9 /* Debug */,
				85C9FB452016B68F005B5BB9 /* Release */,
			);
			defaultConfigurationIsVisible = 0;
		};
/* End XCConfigurationList section */
	};
	rootObject = 85C9FB0D2016B68E005B5BB9 /* Project object */;
}
